
Microsoft Visual Studio Solution File, Format Version 12.00
# Visual Studio Version 16
VisualStudioVersion = 16.0.34031.81
MinimumVisualStudioVersion = 10.0.40219.1
Project("{FAE04EC0-301F-11D3-BF4B-00C04F79EFBC}") = "NewZeaLand", "NewZeaLand.csproj", "{D21A88E7-6053-4DCB-94A5-0FFE578D24E3}"
EndProject
Project("{FAE04EC0-301F-11D3-BF4B-00C04F79EFBC}") = "RunInConsole", "..\RunInConsole\RunInConsole.csproj", "{AC80A62D-42AD-47B6-B672-2C1867949B98}"
EndProject
Global
	GlobalSection(SolutionConfigurationPlatforms) = preSolution
		Debug|Any CPU = Debug|Any CPU
		Release|Any CPU = Release|Any CPU
	EndGlobalSection
	GlobalSection(ProjectConfigurationPlatforms) = postSolution
		{D21A88E7-6053-4DCB-94A5-0FFE578D24E3}.Debug|Any CPU.ActiveCfg = Debug|Any CPU
		{D21A88E7-6053-4DCB-94A5-0FFE578D24E3}.Debug|Any CPU.Build.0 = Debug|Any CPU
		{D21A88E7-6053-4DCB-94A5-0FFE578D24E3}.Release|Any CPU.ActiveCfg = Release|Any CPU
		{D21A88E7-6053-4DCB-94A5-0FFE578D24E3}.Release|Any CPU.Build.0 = Release|Any CPU
		{AC80A62D-42AD-47B6-B672-2C1867949B98}.Debug|Any CPU.ActiveCfg = Debug|Any CPU
		{AC80A62D-42AD-47B6-B672-2C1867949B98}.Debug|Any CPU.Build.0 = Debug|Any CPU
		{AC80A62D-42AD-47B6-B672-2C1867949B98}.Release|Any CPU.ActiveCfg = Release|Any CPU
		{AC80A62D-42AD-47B6-B672-2C1867949B98}.Release|Any CPU.Build.0 = Release|Any CPU
	EndGlobalSection
	GlobalSection(SolutionProperties) = preSolution
		HideSolutionNode = FALSE
	EndGlobalSection
	GlobalSection(ExtensibilityGlobals) = postSolution
		SolutionGuid = {265A9C01-10F4-4D1B-B7E4-6D3D33B34CC3}
	EndGlobalSection
EndGlobal
